
Microsoft Visual Studio Solution File, Format Version 12.00
# Visual Studio 15
VisualStudioVersion = 15.0.28010.2003
MinimumVisualStudioVersion = 10.0.40219.1
Project("{FAE04EC0-301F-11D3-BF4B-00C04F79EFBC}") = "SPNewsticker", "SPNewsticker\SPNewsticker.csproj", "{2B8FBC11-0C24-411B-9395-DFD1ADCAC1EB}"
EndProject
Global
	GlobalSection(SolutionConfigurationPlatforms) = preSolution
		Debug|Any CPU = Debug|Any CPU
		Release|Any CPU = Release|Any CPU
	EndGlobalSection
	GlobalSection(ProjectConfigurationPlatforms) = postSolution
		{2B8FBC11-0C24-411B-9395-DFD1ADCAC1EB}.Debug|Any CPU.ActiveCfg = Debug|Any CPU
		{2B8FBC11-0C24-411B-9395-DFD1ADCAC1EB}.Debug|Any CPU.Build.0 = Debug|Any CPU
		{2B8FBC11-0C24-411B-9395-DFD1ADCAC1EB}.Debug|Any CPU.Deploy.0 = Debug|Any CPU
		{2B8FBC11-0C24-411B-9395-DFD1ADCAC1EB}.Release|Any CPU.ActiveCfg = Release|Any CPU
		{2B8FBC11-0C24-411B-9395-DFD1ADCAC1EB}.Release|Any CPU.Build.0 = Release|Any CPU
		{2B8FBC11-0C24-411B-9395-DFD1ADCAC1EB}.Release|Any CPU.Deploy.0 = Release|Any CPU
	EndGlobalSection
	GlobalSection(SolutionProperties) = preSolution
		HideSolutionNode = FALSE
	EndGlobalSection
	GlobalSection(ExtensibilityGlobals) = postSolution
		SolutionGuid = {6C24805A-5AFA-478E-8AFA-22308B76B49D}
	EndGlobalSection
EndGlobal
